{
  "object": {
    "pins": [
      {
        "package": "BigInt",
        "repositoryURL": "https://github.com/attaswift/BigInt",
        "state": {
          "branch": null,
          "revision": "889a1ecacd73ccc189c5cb29288048f186c44ed9",
          "version": "5.2.1"
        }
      },
      {
        "package": "GenericJSON",
        "repositoryURL": "https://github.com/zoul/generic-json-swift",
        "state": {
          "branch": null,
          "revision": "a137894b2a217abe489cdf1ea287e6f7819b1051",
          "version": "2.0.1"
        }
      },
      {
        "package": "secp256k1",
        "repositoryURL": "https://github.com/GigaBitcoin/secp256k1.swift.git",
        "state": {
          "branch": null,
          "revision": "39dd39248e769ea88253a0ce300399b402a64529",
          "version": "0.9.2"
        }
      },
      {
        "package": "swift-log",
        "repositoryURL": "https://github.com/apple/swift-log.git",
        "state": {
          "branch": null,
          "revision": "5d66f7ba25daf4f94100e7022febf3c75e37a6c7",
          "version": "1.4.2"
        }
      },
      {
        "package": "swift-nio",
        "repositoryURL": "https://github.com/apple/swift-nio.git",
        "state": {
          "branch": null,
          "revision": "124119f0bb12384cef35aa041d7c3a686108722d",
          "version": "2.40.0"
        }
      },
      {
        "package": "swift-nio-ssl",
        "repositoryURL": "https://github.com/apple/swift-nio-ssl.git",
        "state": {
          "branch": null,
          "revision": "1750873bce84b4129b5303655cce2c3d35b9ed3a",
          "version": "2.19.0"
        }
      },
      {
        "package": "websocket-kit",
        "repositoryURL": "https://github.com/vapor/websocket-kit.git",
        "state": {
          "branch": null,
          "revision": "e32033ad3c68ebec1b761bc961be7bd56bad02f8",
          "version": "2.3.1"
        }
      }
    ]
  },
  "version": 1
}
